
Microsoft Visual Studio Solution File, Format Version 12.00
# Visual Studio Version 17
VisualStudioVersion = 17.11.35327.3
MinimumVisualStudioVersion = 10.0.40219.1
Project("{8BC9CEB8-8B4A-11D0-8D11-00A0C91BC942}") = "main1", "main1.vcxproj", "{FDCC208F-7CC2-49A1-9919-B7891017E10C}"
EndProject
Global
	GlobalSection(SolutionConfigurationPlatforms) = preSolution
		Debug|x64 = Debug|x64
		Debug|x86 = Debug|x86
		Release|x64 = Release|x64
		Release|x86 = Release|x86
	EndGlobalSection
	GlobalSection(ProjectConfigurationPlatforms) = postSolution
		{FDCC208F-7CC2-49A1-9919-B7891017E10C}.Debug|x64.ActiveCfg = Debug|x64
		{FDCC208F-7CC2-49A1-9919-B7891017E10C}.Debug|x64.Build.0 = Debug|x64
		{FDCC208F-7CC2-49A1-9919-B7891017E10C}.Debug|x86.ActiveCfg = Debug|Win32
		{FDCC208F-7CC2-49A1-9919-B7891017E10C}.Debug|x86.Build.0 = Debug|Win32
		{FDCC208F-7CC2-49A1-9919-B7891017E10C}.Release|x64.ActiveCfg = Release|x64
		{FDCC208F-7CC2-49A1-9919-B7891017E10C}.Release|x64.Build.0 = Release|x64
		{FDCC208F-7CC2-49A1-9919-B7891017E10C}.Release|x86.ActiveCfg = Release|Win32
		{FDCC208F-7CC2-49A1-9919-B7891017E10C}.Release|x86.Build.0 = Release|Win32
	EndGlobalSection
	GlobalSection(SolutionProperties) = preSolution
		HideSolutionNode = FALSE
	EndGlobalSection
	GlobalSection(ExtensibilityGlobals) = postSolution
		SolutionGuid = {07109906-E549-42A1-B194-AA76674CFDA4}
	EndGlobalSection
EndGlobal
